
Microsoft Visual Studio Solution File, Format Version 12.00
# Visual Studio Version 17
VisualStudioVersion = 17.14.36511.14 d17.14
MinimumVisualStudioVersion = 10.0.40219.1
Project("{2150E333-8FDC-42A3-9474-1A3956D46DE8}") = "Task0", "Task0", "{02EA681E-C7D8-13C7-8484-4AC65E1B71E8}"
EndProject
Project("{FAE04EC0-301F-11D3-BF4B-00C04F79EFBC}") = "Tyuiu.LyapinSE.Sprint2.Task0.V2", "Tyuiu.LyapinSE.Sprint2.Task0.V2\Tyuiu.LyapinSE.Sprint2.Task0.V2.csproj", "{38AFF8A5-62E2-4F68-9D12-FA7082BB6311}"
EndProject
Project("{FAE04EC0-301F-11D3-BF4B-00C04F79EFBC}") = "Tyuiu.LyapinSE.Sprint2.Task0.V2.Test", "Tyuiu.LyapinSE.Sprint2.Task0.V2.Test\Tyuiu.LyapinSE.Sprint2.Task0.V2.Test.csproj", "{41633DAE-9AA2-4A1A-9EB2-C8FB345B3863}"
EndProject
Project("{FAE04EC0-301F-11D3-BF4B-00C04F79EFBC}") = "Tyuiu.LyapinSE.Sprint2.Task0.V2.Lib", "Tyuiu.LyapinSE.Sprint2.Task0.V2.Lib\Tyuiu.LyapinSE.Sprint2.Task0.V2.Lib.csproj", "{84334B02-FBDC-466E-8DC6-C4B032E171EF}"
EndProject
Project("{2150E333-8FDC-42A3-9474-1A3956D46DE8}") = "Task1", "Task1", "{7BCA24A9-E707-4D65-B8CC-1490B186F158}"
EndProject
Project("{2150E333-8FDC-42A3-9474-1A3956D46DE8}") = "Task2", "Task2", "{DCA125F1-F9C0-45F8-8057-A01D43B8D7F0}"
EndProject
Project("{2150E333-8FDC-42A3-9474-1A3956D46DE8}") = "Task3", "Task3", "{9949B22A-A9B4-4854-94FA-9A3CC4814777}"
EndProject
Project("{2150E333-8FDC-42A3-9474-1A3956D46DE8}") = "Task4", "Task4", "{D14B9083-32E5-44EA-B711-24697602531C}"
EndProject
Project("{2150E333-8FDC-42A3-9474-1A3956D46DE8}") = "Task5", "Task5", "{75731D25-9215-43C7-BAD9-511C115741BA}"
EndProject
Project("{2150E333-8FDC-42A3-9474-1A3956D46DE8}") = "Task6", "Task6", "{EBDE8CB4-DD4F-4C47-8F4D-936733F70022}"
EndProject
Project("{2150E333-8FDC-42A3-9474-1A3956D46DE8}") = "Task7", "Task7", "{50582FBE-8211-4D5C-816B-14AE557B8060}"
EndProject
Project("{FAE04EC0-301F-11D3-BF4B-00C04F79EFBC}") = "Tyuiu.LyapinSE.Sprint2.Task1.V1", "Tyuiu.LyapinSE.Sprint2.Task1.V1\Tyuiu.LyapinSE.Sprint2.Task1.V1.csproj", "{EAD1DB35-15E3-4BC1-AE03-2993AA219AE0}"
EndProject
Project("{FAE04EC0-301F-11D3-BF4B-00C04F79EFBC}") = "Tyuiu.LyapinSE.Sprint2.Task1.V1.Lib", "Tyuiu.LyapinSE.Sprint2.Task1.V1.Lib\Tyuiu.LyapinSE.Sprint2.Task1.V1.Lib.csproj", "{6B13A03B-3B72-407E-AA51-ED9DF4865DEF}"
EndProject
Project("{FAE04EC0-301F-11D3-BF4B-00C04F79EFBC}") = "Tyuiu.LyapinSE.Sprint2.Task1.V1.Test", "Tyuiu.LyapinSE.Sprint2.Task1.V1.Test\Tyuiu.LyapinSE.Sprint2.Task1.V1.Test.csproj", "{317103B5-7810-41DB-9DF6-5A7AFCF6D9D7}"
EndProject
Project("{FAE04EC0-301F-11D3-BF4B-00C04F79EFBC}") = "Tyuiu.LyapinSE.Sprint2.Task2.V7", "Tyuiu.LyapinSE.Sprint2.Task2.V7\Tyuiu.LyapinSE.Sprint2.Task2.V7.csproj", "{AB0BAD0A-D1F7-4536-84A8-4DA621A2BD22}"
EndProject
Project("{FAE04EC0-301F-11D3-BF4B-00C04F79EFBC}") = "Tyuiu.LyapinSE.Sprint2.Task2.V7.Test", "Tyuiu.LyapinSE.Sprint2.Task2.V7.Test\Tyuiu.LyapinSE.Sprint2.Task2.V7.Test.csproj", "{6D9ECDC2-91C6-47AB-9559-5CE296526955}"
EndProject
Project("{FAE04EC0-301F-11D3-BF4B-00C04F79EFBC}") = "Tyuiu.LyapinSE.Sprint2.Task2.V7.Lib", "Tyuiu.LyapinSE.Sprint2.Task2.V7.Lib\Tyuiu.LyapinSE.Sprint2.Task2.V7.Lib.csproj", "{A856AAA9-CF91-45AD-9EBF-685B2B52743A}"
EndProject
Project("{FAE04EC0-301F-11D3-BF4B-00C04F79EFBC}") = "Tyuiu.LyapinSE.Sprint2.Task3.V8", "Tyuiu.LyapinSE.Sprint2.Task3.V8\Tyuiu.LyapinSE.Sprint2.Task3.V8.csproj", "{58503EB1-67FC-4EE6-9264-537998973BE8}"
EndProject
Project("{FAE04EC0-301F-11D3-BF4B-00C04F79EFBC}") = "Tyuiu.LyapinSE.Sprint2.Task3.V8.Lib", "Tyuiu.LyapinSE.Sprint2.Task3.V8.Lib\Tyuiu.LyapinSE.Sprint2.Task3.V8.Lib.csproj", "{0D261EAC-55BE-4E2D-B65D-8ED4152EB375}"
EndProject
Project("{FAE04EC0-301F-11D3-BF4B-00C04F79EFBC}") = "Tyuiu.LyapinSE.Sprint2.Task3.V8.Test", "Tyuiu.LyapinSE.Sprint2.Task3.V8.Test\Tyuiu.LyapinSE.Sprint2.Task3.V8.Test.csproj", "{9CE84C46-BFDB-41DA-BCE6-EF1BCA2FF4F8}"
EndProject
Project("{FAE04EC0-301F-11D3-BF4B-00C04F79EFBC}") = "Tyuiu.LyapinSE.Sprint2.Task4.V2", "Tyuiu.LyapinSE.Sprint2.Task4.V2\Tyuiu.LyapinSE.Sprint2.Task4.V2.csproj", "{F46A2EC0-0EB8-434E-B630-058AB11BA21A}"
EndProject
Project("{FAE04EC0-301F-11D3-BF4B-00C04F79EFBC}") = "Tyuiu.LyapinSE.Sprint2.Task4.V2.Lib", "Tyuiu.LyapinSE.Sprint2.Task4.V2.Lib\Tyuiu.LyapinSE.Sprint2.Task4.V2.Lib.csproj", "{2A485843-34BD-478C-87DF-13029AEEAC6F}"
EndProject
Project("{FAE04EC0-301F-11D3-BF4B-00C04F79EFBC}") = "Tyuiu.LyapinSE.Sprint2.Task4.V2.Test", "Tyuiu.LyapinSE.Sprint2.Task4.V2.Test\Tyuiu.LyapinSE.Sprint2.Task4.V2.Test.csproj", "{C4AD9925-72D5-49F0-A479-0E2F34C2DA95}"
EndProject
Project("{FAE04EC0-301F-11D3-BF4B-00C04F79EFBC}") = "Tyuiu.LyapinSE.Sprint2.Task5.V15", "Tyuiu.LyapinSE.Sprint2.Task5.V15\Tyuiu.LyapinSE.Sprint2.Task5.V15.csproj", "{8A60937C-CFAD-4CD9-8C7D-4B8BD90F1A21}"
EndProject
Project("{FAE04EC0-301F-11D3-BF4B-00C04F79EFBC}") = "Tyuiu.LyapinSE.Sprint2.Task5.V15.Lib", "Tyuiu.LyapinSE.Sprint2.Task5.V15.Дши\Tyuiu.LyapinSE.Sprint2.Task5.V15.Lib.csproj", "{95B0F792-F596-4434-936C-4FD5A3D07C23}"
EndProject
Project("{FAE04EC0-301F-11D3-BF4B-00C04F79EFBC}") = "Tyuiu.LyapinSE.Sprint2.Task5.V15.Test", "Tyuiu.LyapinSE.Sprint2.Task5.V15.Test\Tyuiu.LyapinSE.Sprint2.Task5.V15.Test.csproj", "{F6963B27-7547-482D-9B47-7161956A1E8D}"
EndProject
Global
	GlobalSection(SolutionConfigurationPlatforms) = preSolution
		Debug|Any CPU = Debug|Any CPU
		Release|Any CPU = Release|Any CPU
	EndGlobalSection
	GlobalSection(ProjectConfigurationPlatforms) = postSolution
		{38AFF8A5-62E2-4F68-9D12-FA7082BB6311}.Debug|Any CPU.ActiveCfg = Debug|Any CPU
		{38AFF8A5-62E2-4F68-9D12-FA7082BB6311}.Debug|Any CPU.Build.0 = Debug|Any CPU
		{38AFF8A5-62E2-4F68-9D12-FA7082BB6311}.Release|Any CPU.ActiveCfg = Release|Any CPU
		{38AFF8A5-62E2-4F68-9D12-FA7082BB6311}.Release|Any CPU.Build.0 = Release|Any CPU
		{41633DAE-9AA2-4A1A-9EB2-C8FB345B3863}.Debug|Any CPU.ActiveCfg = Debug|Any CPU
		{41633DAE-9AA2-4A1A-9EB2-C8FB345B3863}.Debug|Any CPU.Build.0 = Debug|Any CPU
		{41633DAE-9AA2-4A1A-9EB2-C8FB345B3863}.Release|Any CPU.ActiveCfg = Release|Any CPU
		{41633DAE-9AA2-4A1A-9EB2-C8FB345B3863}.Release|Any CPU.Build.0 = Release|Any CPU
		{84334B02-FBDC-466E-8DC6-C4B032E171EF}.Debug|Any CPU.ActiveCfg = Debug|Any CPU
		{84334B02-FBDC-466E-8DC6-C4B032E171EF}.Debug|Any CPU.Build.0 = Debug|Any CPU
		{84334B02-FBDC-466E-8DC6-C4B032E171EF}.Release|Any CPU.ActiveCfg = Release|Any CPU
		{84334B02-FBDC-466E-8DC6-C4B032E171EF}.Release|Any CPU.Build.0 = Release|Any CPU
		{EAD1DB35-15E3-4BC1-AE03-2993AA219AE0}.Debug|Any CPU.ActiveCfg = Debug|Any CPU
		{EAD1DB35-15E3-4BC1-AE03-2993AA219AE0}.Debug|Any CPU.Build.0 = Debug|Any CPU
		{EAD1DB35-15E3-4BC1-AE03-2993AA219AE0}.Release|Any CPU.ActiveCfg = Release|Any CPU
		{EAD1DB35-15E3-4BC1-AE03-2993AA219AE0}.Release|Any CPU.Build.0 = Release|Any CPU
		{6B13A03B-3B72-407E-AA51-ED9DF4865DEF}.Debug|Any CPU.ActiveCfg = Debug|Any CPU
		{6B13A03B-3B72-407E-AA51-ED9DF4865DEF}.Debug|Any CPU.Build.0 = Debug|Any CPU
		{6B13A03B-3B72-407E-AA51-ED9DF4865DEF}.Release|Any CPU.ActiveCfg = Release|Any CPU
		{6B13A03B-3B72-407E-AA51-ED9DF4865DEF}.Release|Any CPU.Build.0 = Release|Any CPU
		{317103B5-7810-41DB-9DF6-5A7AFCF6D9D7}.Debug|Any CPU.ActiveCfg = Debug|Any CPU
		{317103B5-7810-41DB-9DF6-5A7AFCF6D9D7}.Debug|Any CPU.Build.0 = Debug|Any CPU
		{317103B5-7810-41DB-9DF6-5A7AFCF6D9D7}.Release|Any CPU.ActiveCfg = Release|Any CPU
		{317103B5-7810-41DB-9DF6-5A7AFCF6D9D7}.Release|Any CPU.Build.0 = Release|Any CPU
		{AB0BAD0A-D1F7-4536-84A8-4DA621A2BD22}.Debug|Any CPU.ActiveCfg = Debug|Any CPU
		{AB0BAD0A-D1F7-4536-84A8-4DA621A2BD22}.Debug|Any CPU.Build.0 = Debug|Any CPU
		{AB0BAD0A-D1F7-4536-84A8-4DA621A2BD22}.Release|Any CPU.ActiveCfg = Release|Any CPU
		{AB0BAD0A-D1F7-4536-84A8-4DA621A2BD22}.Release|Any CPU.Build.0 = Release|Any CPU
		{6D9ECDC2-91C6-47AB-9559-5CE296526955}.Debug|Any CPU.ActiveCfg = Debug|Any CPU
		{6D9ECDC2-91C6-47AB-9559-5CE296526955}.Debug|Any CPU.Build.0 = Debug|Any CPU
		{6D9ECDC2-91C6-47AB-9559-5CE296526955}.Release|Any CPU.ActiveCfg = Release|Any CPU
		{6D9ECDC2-91C6-47AB-9559-5CE296526955}.Release|Any CPU.Build.0 = Release|Any CPU
		{A856AAA9-CF91-45AD-9EBF-685B2B52743A}.Debug|Any CPU.ActiveCfg = Debug|Any CPU
		{A856AAA9-CF91-45AD-9EBF-685B2B52743A}.Debug|Any CPU.Build.0 = Debug|Any CPU
		{A856AAA9-CF91-45AD-9EBF-685B2B52743A}.Release|Any CPU.ActiveCfg = Release|Any CPU
		{A856AAA9-CF91-45AD-9EBF-685B2B52743A}.Release|Any CPU.Build.0 = Release|Any CPU
		{58503EB1-67FC-4EE6-9264-537998973BE8}.Debug|Any CPU.ActiveCfg = Debug|Any CPU
		{58503EB1-67FC-4EE6-9264-537998973BE8}.Debug|Any CPU.Build.0 = Debug|Any CPU
		{58503EB1-67FC-4EE6-9264-537998973BE8}.Release|Any CPU.ActiveCfg = Release|Any CPU
		{58503EB1-67FC-4EE6-9264-537998973BE8}.Release|Any CPU.Build.0 = Release|Any CPU
		{0D261EAC-55BE-4E2D-B65D-8ED4152EB375}.Debug|Any CPU.ActiveCfg = Debug|Any CPU
		{0D261EAC-55BE-4E2D-B65D-8ED4152EB375}.Debug|Any CPU.Build.0 = Debug|Any CPU
		{0D261EAC-55BE-4E2D-B65D-8ED4152EB375}.Release|Any CPU.ActiveCfg = Release|Any CPU
		{0D261EAC-55BE-4E2D-B65D-8ED4152EB375}.Release|Any CPU.Build.0 = Release|Any CPU
		{9CE84C46-BFDB-41DA-BCE6-EF1BCA2FF4F8}.Debug|Any CPU.ActiveCfg = Debug|Any CPU
		{9CE84C46-BFDB-41DA-BCE6-EF1BCA2FF4F8}.Debug|Any CPU.Build.0 = Debug|Any CPU
		{9CE84C46-BFDB-41DA-BCE6-EF1BCA2FF4F8}.Release|Any CPU.ActiveCfg = Release|Any CPU
		{9CE84C46-BFDB-41DA-BCE6-EF1BCA2FF4F8}.Release|Any CPU.Build.0 = Release|Any CPU
		{F46A2EC0-0EB8-434E-B630-058AB11BA21A}.Debug|Any CPU.ActiveCfg = Debug|Any CPU
		{F46A2EC0-0EB8-434E-B630-058AB11BA21A}.Debug|Any CPU.Build.0 = Debug|Any CPU
		{F46A2EC0-0EB8-434E-B630-058AB11BA21A}.Release|Any CPU.ActiveCfg = Release|Any CPU
		{F46A2EC0-0EB8-434E-B630-058AB11BA21A}.Release|Any CPU.Build.0 = Release|Any CPU
		{2A485843-34BD-478C-87DF-13029AEEAC6F}.Debug|Any CPU.ActiveCfg = Debug|Any CPU
		{2A485843-34BD-478C-87DF-13029AEEAC6F}.Debug|Any CPU.Build.0 = Debug|Any CPU
		{2A485843-34BD-478C-87DF-13029AEEAC6F}.Release|Any CPU.ActiveCfg = Release|Any CPU
		{2A485843-34BD-478C-87DF-13029AEEAC6F}.Release|Any CPU.Build.0 = Release|Any CPU
		{C4AD9925-72D5-49F0-A479-0E2F34C2DA95}.Debug|Any CPU.ActiveCfg = Debug|Any CPU
		{C4AD9925-72D5-49F0-A479-0E2F34C2DA95}.Debug|Any CPU.Build.0 = Debug|Any CPU
		{C4AD9925-72D5-49F0-A479-0E2F34C2DA95}.Release|Any CPU.ActiveCfg = Release|Any CPU
		{C4AD9925-72D5-49F0-A479-0E2F34C2DA95}.Release|Any CPU.Build.0 = Release|Any CPU
		{8A60937C-CFAD-4CD9-8C7D-4B8BD90F1A21}.Debug|Any CPU.ActiveCfg = Debug|Any CPU
		{8A60937C-CFAD-4CD9-8C7D-4B8BD90F1A21}.Debug|Any CPU.Build.0 = Debug|Any CPU
		{8A60937C-CFAD-4CD9-8C7D-4B8BD90F1A21}.Release|Any CPU.ActiveCfg = Release|Any CPU
		{8A60937C-CFAD-4CD9-8C7D-4B8BD90F1A21}.Release|Any CPU.Build.0 = Release|Any CPU
		{95B0F792-F596-4434-936C-4FD5A3D07C23}.Debug|Any CPU.ActiveCfg = Debug|Any CPU
		{95B0F792-F596-4434-936C-4FD5A3D07C23}.Debug|Any CPU.Build.0 = Debug|Any CPU
		{95B0F792-F596-4434-936C-4FD5A3D07C23}.Release|Any CPU.ActiveCfg = Release|Any CPU
		{95B0F792-F596-4434-936C-4FD5A3D07C23}.Release|Any CPU.Build.0 = Release|Any CPU
		{F6963B27-7547-482D-9B47-7161956A1E8D}.Debug|Any CPU.ActiveCfg = Debug|Any CPU
		{F6963B27-7547-482D-9B47-7161956A1E8D}.Debug|Any CPU.Build.0 = Debug|Any CPU
		{F6963B27-7547-482D-9B47-7161956A1E8D}.Release|Any CPU.ActiveCfg = Release|Any CPU
		{F6963B27-7547-482D-9B47-7161956A1E8D}.Release|Any CPU.Build.0 = Release|Any CPU
	EndGlobalSection
	GlobalSection(SolutionProperties) = preSolution
		HideSolutionNode = FALSE
	EndGlobalSection
	GlobalSection(NestedProjects) = preSolution
		{38AFF8A5-62E2-4F68-9D12-FA7082BB6311} = {02EA681E-C7D8-13C7-8484-4AC65E1B71E8}
		{41633DAE-9AA2-4A1A-9EB2-C8FB345B3863} = {02EA681E-C7D8-13C7-8484-4AC65E1B71E8}
		{84334B02-FBDC-466E-8DC6-C4B032E171EF} = {02EA681E-C7D8-13C7-8484-4AC65E1B71E8}
		{EAD1DB35-15E3-4BC1-AE03-2993AA219AE0} = {7BCA24A9-E707-4D65-B8CC-1490B186F158}
		{6B13A03B-3B72-407E-AA51-ED9DF4865DEF} = {7BCA24A9-E707-4D65-B8CC-1490B186F158}
		{317103B5-7810-41DB-9DF6-5A7AFCF6D9D7} = {7BCA24A9-E707-4D65-B8CC-1490B186F158}
		{AB0BAD0A-D1F7-4536-84A8-4DA621A2BD22} = {DCA125F1-F9C0-45F8-8057-A01D43B8D7F0}
		{6D9ECDC2-91C6-47AB-9559-5CE296526955} = {DCA125F1-F9C0-45F8-8057-A01D43B8D7F0}
		{A856AAA9-CF91-45AD-9EBF-685B2B52743A} = {DCA125F1-F9C0-45F8-8057-A01D43B8D7F0}
		{58503EB1-67FC-4EE6-9264-537998973BE8} = {9949B22A-A9B4-4854-94FA-9A3CC4814777}
		{0D261EAC-55BE-4E2D-B65D-8ED4152EB375} = {9949B22A-A9B4-4854-94FA-9A3CC4814777}
		{9CE84C46-BFDB-41DA-BCE6-EF1BCA2FF4F8} = {9949B22A-A9B4-4854-94FA-9A3CC4814777}
		{F46A2EC0-0EB8-434E-B630-058AB11BA21A} = {D14B9083-32E5-44EA-B711-24697602531C}
		{2A485843-34BD-478C-87DF-13029AEEAC6F} = {D14B9083-32E5-44EA-B711-24697602531C}
		{C4AD9925-72D5-49F0-A479-0E2F34C2DA95} = {D14B9083-32E5-44EA-B711-24697602531C}
		{8A60937C-CFAD-4CD9-8C7D-4B8BD90F1A21} = {75731D25-9215-43C7-BAD9-511C115741BA}
		{95B0F792-F596-4434-936C-4FD5A3D07C23} = {75731D25-9215-43C7-BAD9-511C115741BA}
		{F6963B27-7547-482D-9B47-7161956A1E8D} = {75731D25-9215-43C7-BAD9-511C115741BA}
	EndGlobalSection
	GlobalSection(ExtensibilityGlobals) = postSolution
		SolutionGuid = {F4A236E3-7AFA-410F-881F-1FAF43C21582}
	EndGlobalSection
EndGlobal
